// !$*UTF8*$!
{
	archiveVersion = 1;
	classes = {
	};
	objectVersion = 48;
	objects = {

/* Begin PBXBuildFile section */
		3A3139DD21607ECC000AB30A /* AppDelegate.swift in Sources */ = {isa = PBXBuildFile; fileRef = 3A3139DC21607ECC000AB30A /* AppDelegate.swift */; };
		3A3139DF21607ECC000AB30A /* ViewController.swift in Sources */ = {isa = PBXBuildFile; fileRef = 3A3139DE21607ECC000AB30A /* ViewController.swift */; };
		3A3139E221607ECC000AB30A /* Main.storyboard in Resources */ = {isa = PBXBuildFile; fileRef = 3A3139E021607ECC000AB30A /* Main.storyboard */; };
		3A3139E421607ECC000AB30A /* Assets.xcassets in Resources */ = {isa = PBXBuildFile; fileRef = 3A3139E321607ECC000AB30A /* Assets.xcassets */; };
		3A3139E721607ECC000AB30A /* LaunchScreen.storyboard in Resources */ = {isa = PBXBuildFile; fileRef = 3A3139E521607ECC000AB30A /* LaunchScreen.storyboard */; };
		3A3139F221607ECD000AB30A /* ErrorDescriptionTests.swift in Sources */ = {isa = PBXBuildFile; fileRef = 3A3139F121607ECD000AB30A /* ErrorDescriptionTests.swift */; };
		3A3139FD21607ECD000AB30A /* ErrorDescriptionUITests.swift in Sources */ = {isa = PBXBuildFile; fileRef = 3A3139FC21607ECD000AB30A /* ErrorDescriptionUITests.swift */; };
/* End PBXBuildFile section */

/* Begin PBXContainerItemProxy section */
		3A3139EE21607ECD000AB30A /* PBXContainerItemProxy */ = {
			isa = PBXContainerItemProxy;
			containerPortal = 3A3139D121607ECC000AB30A /* Project object */;
			proxyType = 1;
			remoteGlobalIDString = 3A3139D821607ECC000AB30A;
			remoteInfo = ErrorDescription;
		};
		3A3139F921607ECD000AB30A /* PBXContainerItemProxy */ = {
			isa = PBXContainerItemProxy;
			containerPortal = 3A3139D121607ECC000AB30A /* Project object */;
			proxyType = 1;
			remoteGlobalIDString = 3A3139D821607ECC000AB30A;
			remoteInfo = ErrorDescription;
		};
/* End PBXContainerItemProxy section */

/* Begin PBXFileReference section */
		3A3139D921607ECC000AB30A /* ErrorDescription.app */ = {isa = PBXFileReference; explicitFileType = wrapper.application; includeInIndex = 0; path = ErrorDescription.app; sourceTree = BUILT_PRODUCTS_DIR; };
		3A3139DC21607ECC000AB30A /* AppDelegate.swift */ = {isa = PBXFileReference; lastKnownFileType = sourcecode.swift; path = AppDelegate.swift; sourceTree = "<group>"; };
		3A3139DE21607ECC000AB30A /* ViewController.swift */ = {isa = PBXFileReference; lastKnownFileType = sourcecode.swift; path = ViewController.swift; sourceTree = "<group>"; };
		3A3139E121607ECC000AB30A /* Base */ = {isa = PBXFileReference; lastKnownFileType = file.storyboard; name = Base; path = Base.lproj/Main.storyboard; sourceTree = "<group>"; };
		3A3139E321607ECC000AB30A /* Assets.xcassets */ = {isa = PBXFileReference; lastKnownFileType = folder.assetcatalog; path = Assets.xcassets; sourceTree = "<group>"; };
		3A3139E621607ECC000AB30A /* Base */ = {isa = PBXFileReference; lastKnownFileType = file.storyboard; name = Base; path = Base.lproj/LaunchScreen.storyboard; sourceTree = "<group>"; };
		3A3139E821607ECC000AB30A /* Info.plist */ = {isa = PBXFileReference; lastKnownFileType = text.plist.xml; path = Info.plist; sourceTree = "<group>"; };
		3A3139ED21607ECD000AB30A /* ErrorDescriptionTests.xctest */ = {isa = PBXFileReference; explicitFileType = wrapper.cfbundle; includeInIndex = 0; path = ErrorDescriptionTests.xctest; sourceTree = BUILT_PRODUCTS_DIR; };
		3A3139F121607ECD000AB30A /* ErrorDescriptionTests.swift */ = {isa = PBXFileReference; lastKnownFileType = sourcecode.swift; path = ErrorDescriptionTests.swift; sourceTree = "<group>"; };
		3A3139F321607ECD000AB30A /* Info.plist */ = {isa = PBXFileReference; lastKnownFileType = text.plist.xml; path = Info.plist; sourceTree = "<group>"; };
		3A3139F821607ECD000AB30A /* ErrorDescriptionUITests.xctest */ = {isa = PBXFileReference; explicitFileType = wrapper.cfbundle; includeInIndex = 0; path = ErrorDescriptionUITests.xctest; sourceTree = BUILT_PRODUCTS_DIR; };
		3A3139FC21607ECD000AB30A /* ErrorDescriptionUITests.swift */ = {isa = PBXFileReference; lastKnownFileType = sourcecode.swift; path = ErrorDescriptionUITests.swift; sourceTree = "<group>"; };
		3A3139FE21607ECD000AB30A /* Info.plist */ = {isa = PBXFileReference; lastKnownFileType = text.plist.xml; path = Info.plist; sourceTree = "<group>"; };
/* End PBXFileReference section */

/* Begin PBXFrameworksBuildPhase section */
		3A3139D621607ECC000AB30A /* Frameworks */ = {
			isa = PBXFrameworksBuildPhase;
			buildActionMask = 2147483647;
			files = (
			);
			runOnlyForDeploymentPostprocessing = 0;
		};
		3A3139EA21607ECD000AB30A /* Frameworks */ = {
			isa = PBXFrameworksBuildPhase;
			buildActionMask = 2147483647;
			files = (
			);
			runOnlyForDeploymentPostprocessing = 0;
		};
		3A3139F521607ECD000AB30A /* Frameworks */ = {
			isa = PBXFrameworksBuildPhase;
			buildActionMask = 2147483647;
			files = (
			);
			runOnlyForDeploymentPostprocessing = 0;
		};
/* End PBXFrameworksBuildPhase section */

/* Begin PBXGroup section */
		3A3139D021607ECC000AB30A = {
			isa = PBXGroup;
			children = (
				3A3139DB21607ECC000AB30A /* ErrorDescription */,
				3A3139F021607ECD000AB30A /* ErrorDescriptionTests */,
				3A3139FB21607ECD000AB30A /* ErrorDescriptionUITests */,
				3A3139DA21607ECC000AB30A /* Products */,
			);
			sourceTree = "<group>";
		};
		3A3139DA21607ECC000AB30A /* Products */ = {
			isa = PBXGroup;
			children = (
				3A3139D921607ECC000AB30A /* ErrorDescription.app */,
				3A3139ED21607ECD000AB30A /* ErrorDescriptionTests.xctest */,
				3A3139F821607ECD000AB30A /* ErrorDescriptionUITests.xctest */,
			);
			name = Products;
			sourceTree = "<group>";
		};
		3A3139DB21607ECC000AB30A /* ErrorDescription */ = {
			isa = PBXGroup;
			children = (
				3A3139DC21607ECC000AB30A /* AppDelegate.swift */,
				3A3139DE21607ECC000AB30A /* ViewController.swift */,
				3A3139E021607ECC000AB30A /* Main.storyboard */,
				3A3139E321607ECC000AB30A /* Assets.xcassets */,
				3A3139E521607ECC000AB30A /* LaunchScreen.storyboard */,
				3A3139E821607ECC000AB30A /* Info.plist */,
			);
			path = ErrorDescription;
			sourceTree = "<group>";
		};
		3A3139F021607ECD000AB30A /* ErrorDescriptionTests */ = {
			isa = PBXGroup;
			children = (
				3A3139F121607ECD000AB30A /* ErrorDescriptionTests.swift */,
				3A3139F321607ECD000AB30A /* Info.plist */,
			);
			path = ErrorDescriptionTests;
			sourceTree = "<group>";
		};
		3A3139FB21607ECD000AB30A /* ErrorDescriptionUITests */ = {
			isa = PBXGroup;
			children = (
				3A3139FC21607ECD000AB30A /* ErrorDescriptionUITests.swift */,
				3A3139FE21607ECD000AB30A /* Info.plist */,
			);
			path = ErrorDescriptionUITests;
			sourceTree = "<group>";
		};
/* End PBXGroup section */

/* Begin PBXNativeTarget section */
		3A3139D821607ECC000AB30A /* ErrorDescription */ = {
			isa = PBXNativeTarget;
			buildConfigurationList = 3A313A0121607ECD000AB30A /* Build configuration list for PBXNativeTarget "ErrorDescription" */;
			buildPhases = (
				3A3139D521607ECC000AB30A /* Sources */,
				3A3139D621607ECC000AB30A /* Frameworks */,
				3A3139D721607ECC000AB30A /* Resources */,
			);
			buildRules = (
			);
			dependencies = (
			);
			name = ErrorDescription;
			productName = ErrorDescription;
			productReference = 3A3139D921607ECC000AB30A /* ErrorDescription.app */;
			productType = "com.apple.product-type.application";
		};
		3A3139EC21607ECD000AB30A /* ErrorDescriptionTests */ = {
			isa = PBXNativeTarget;
			buildConfigurationList = 3A313A0421607ECD000AB30A /* Build configuration list for PBXNativeTarget "ErrorDescriptionTests" */;
			buildPhases = (
				3A3139E921607ECD000AB30A /* Sources */,
				3A3139EA21607ECD000AB30A /* Frameworks */,
				3A3139EB21607ECD000AB30A /* Resources */,
			);
			buildRules = (
			);
			dependencies = (
				3A3139EF21607ECD000AB30A /* PBXTargetDependency */,
			);
			name = ErrorDescriptionTests;
			productName = ErrorDescriptionTests;
			productReference = 3A3139ED21607ECD000AB30A /* ErrorDescriptionTests.xctest */;
			productType = "com.apple.product-type.bundle.unit-test";
		};
		3A3139F721607ECD000AB30A /* ErrorDescriptionUITests */ = {
			isa = PBXNativeTarget;
			buildConfigurationList = 3A313A0721607ECD000AB30A /* Build configuration list for PBXNativeTarget "ErrorDescriptionUITests" */;
			buildPhases = (
				3A3139F421607ECD000AB30A /* Sources */,
				3A3139F521607ECD000AB30A /* Frameworks */,
				3A3139F621607ECD000AB30A /* Resources */,
			);
			buildRules = (
			);
			dependencies = (
				3A3139FA21607ECD000AB30A /* PBXTargetDependency */,
			);
			name = ErrorDescriptionUITests;
			productName = ErrorDescriptionUITests;
			productReference = 3A3139F821607ECD000AB30A /* ErrorDescriptionUITests.xctest */;
			productType = "com.apple.product-type.bundle.ui-testing";
		};
/* End PBXNativeTarget section */

/* Begin PBXProject section */
		3A3139D121607ECC000AB30A /* Project object */ = {
			isa = PBXProject;
			attributes = {
				LastSwiftUpdateCheck = 0920;
				LastUpgradeCheck = 0920;
				ORGANIZATIONNAME = hans;
				TargetAttributes = {
					3A3139D821607ECC000AB30A = {
						CreatedOnToolsVersion = 9.2;
						ProvisioningStyle = Automatic;
					};
					3A3139EC21607ECD000AB30A = {
						CreatedOnToolsVersion = 9.2;
						ProvisioningStyle = Automatic;
						TestTargetID = 3A3139D821607ECC000AB30A;
					};
					3A3139F721607ECD000AB30A = {
						CreatedOnToolsVersion = 9.2;
						ProvisioningStyle = Automatic;
						TestTargetID = 3A3139D821607ECC000AB30A;
					};
				};
			};
			buildConfigurationList = 3A3139D421607ECC000AB30A /* Build configuration list for PBXProject "ErrorDescription" */;
			compatibilityVersion = "Xcode 8.0";
			developmentRegion = en;
			hasScannedForEncodings = 0;
			knownRegions = (
				en,
				Base,
			);
			mainGroup = 3A3139D021607ECC000AB30A;
			productRefGroup = 3A3139DA21607ECC000AB30A /* Products */;
			projectDirPath = "";
			projectRoot = "";
			targets = (
				3A3139D821607ECC000AB30A /* ErrorDescription */,
				3A3139EC21607ECD000AB30A /* ErrorDescriptionTests */,
				3A3139F721607ECD000AB30A /* ErrorDescriptionUITests */,
			);
		};
/* End PBXProject section */

/* Begin PBXResourcesBuildPhase section */
		3A3139D721607ECC000AB30A /* Resources */ = {
			isa = PBXResourcesBuildPhase;
			buildActionMask = 2147483647;
			files = (
				3A3139E721607ECC000AB30A /* LaunchScreen.storyboard in Resources */,
				3A3139E421607ECC000AB30A /* Assets.xcassets in Resources */,
				3A3139E221607ECC000AB30A /* Main.storyboard in Resources */,
			);
			runOnlyForDeploymentPostprocessing = 0;
		};
		3A3139EB21607ECD000AB30A /* Resources */ = {
			isa = PBXResourcesBuildPhase;
			buildActionMask = 2147483647;
			files = (
			);
			runOnlyForDeploymentPostprocessing = 0;
		};
		3A3139F621607ECD000AB30A /* Resources */ = {
			isa = PBXResourcesBuildPhase;
			buildActionMask = 2147483647;
			files = (
			);
			runOnlyForDeploymentPostprocessing = 0;
		};
/* End PBXResourcesBuildPhase section */

/* Begin PBXSourcesBuildPhase section */
		3A3139D521607ECC000AB30A /* Sources */ = {
			isa = PBXSourcesBuildPhase;
			buildActionMask = 2147483647;
			files = (
				3A3139DF21607ECC000AB30A /* ViewController.swift in Sources */,
				3A3139DD21607ECC000AB30A /* AppDelegate.swift in Sources */,
			);
			runOnlyForDeploymentPostprocessing = 0;
		};
		3A3139E921607ECD000AB30A /* Sources */ = {
			isa = PBXSourcesBuildPhase;
			buildActionMask = 2147483647;
			files = (
				3A3139F221607ECD000AB30A /* ErrorDescriptionTests.swift in Sources */,
			);
			runOnlyForDeploymentPostprocessing = 0;
		};
		3A3139F421607ECD000AB30A /* Sources */ = {
			isa = PBXSourcesBuildPhase;
			buildActionMask = 2147483647;
			files = (
				3A3139FD21607ECD000AB30A /* ErrorDescriptionUITests.swift in Sources */,
			);
			runOnlyForDeploymentPostprocessing = 0;
		};
/* End PBXSourcesBuildPhase section */

/* Begin PBXTargetDependency section */
		3A3139EF21607ECD000AB30A /* PBXTargetDependency */ = {
			isa = PBXTargetDependency;
			target = 3A3139D821607ECC000AB30A /* ErrorDescription */;
			targetProxy = 3A3139EE21607ECD000AB30A /* PBXContainerItemProxy */;
		};
		3A3139FA21607ECD000AB30A /* PBXTargetDependency */ = {
			isa = PBXTargetDependency;
			target = 3A3139D821607ECC000AB30A /* ErrorDescription */;
			targetProxy = 3A3139F921607ECD000AB30A /* PBXContainerItemProxy */;
		};
/* End PBXTargetDependency section */

/* Begin PBXVariantGroup section */
		3A3139E021607ECC000AB30A /* Main.storyboard */ = {
			isa = PBXVariantGroup;
			children = (
				3A3139E121607ECC000AB30A /* Base */,
			);
			name = Main.storyboard;
			sourceTree = "<group>";
		};
		3A3139E521607ECC000AB30A /* LaunchScreen.storyboard */ = {
			isa = PBXVariantGroup;
			children = (
				3A3139E621607ECC000AB30A /* Base */,
			);
			name = LaunchScreen.storyboard;
			sourceTree = "<group>";
		};
/* End PBXVariantGroup section */

/* Begin XCBuildConfiguration section */
		3A3139FF21607ECD000AB30A /* Debug */ = {
			isa = XCBuildConfiguration;
			buildSettings = {
				ALWAYS_SEARCH_USER_PATHS = NO;
				CLANG_ANALYZER_NONNULL = YES;
				CLANG_ANALYZER_NUMBER_OBJECT_CONVERSION = YES_AGGRESSIVE;
				CLANG_CXX_LANGUAGE_STANDARD = "gnu++14";
				CLANG_CXX_LIBRARY = "libc++";
				CLANG_ENABLE_MODULES = YES;
				CLANG_ENABLE_OBJC_ARC = YES;
				CLANG_WARN_BLOCK_CAPTURE_AUTORELEASING = YES;
				CLANG_WARN_BOOL_CONVERSION = YES;
				CLANG_WARN_COMMA = YES;
				CLANG_WARN_CONSTANT_CONVERSION = YES;
				CLANG_WARN_DIRECT_OBJC_ISA_USAGE = YES_ERROR;
				CLANG_WARN_DOCUMENTATION_COMMENTS = YES;
				CLANG_WARN_EMPTY_BODY = YES;
				CLANG_WARN_ENUM_CONVERSION = YES;
				CLANG_WARN_INFINITE_RECURSION = YES;
				CLANG_WARN_INT_CONVERSION = YES;
				CLANG_WARN_NON_LITERAL_NULL_CONVERSION = YES;
				CLANG_WARN_OBJC_LITERAL_CONVERSION = YES;
				CLANG_WARN_OBJC_ROOT_CLASS = YES_ERROR;
				CLANG_WARN_RANGE_LOOP_ANALYSIS = YES;
				CLANG_WARN_STRICT_PROTOTYPES = YES;
				CLANG_WARN_SUSPICIOUS_MOVE = YES;
				CLANG_WARN_UNGUARDED_AVAILABILITY = YES_AGGRESSIVE;
				CLANG_WARN_UNREACHABLE_CODE = YES;
				CLANG_WARN__DUPLICATE_METHOD_MATCH = YES;
				CODE_SIGN_IDENTITY = "iPhone Developer";
				COPY_PHASE_STRIP = NO;
				DEBUG_INFORMATION_FORMAT = dwarf;
				ENABLE_STRICT_OBJC_MSGSEND = YES;
				ENABLE_TESTABILITY = YES;
				GCC_C_LANGUAGE_STANDARD = gnu11;
				GCC_DYNAMIC_NO_PIC = NO;
				GCC_NO_COMMON_BLOCKS = YES;
				GCC_OPTIMIZATION_LEVEL = 0;
				GCC_PREPROCESSOR_DEFINITIONS = (
					"DEBUG=1",
					"$(inherited)",
				);
				GCC_WARN_64_TO_32_BIT_CONVERSION = YES;
				GCC_WARN_ABOUT_RETURN_TYPE = YES_ERROR;
				GCC_WARN_UNDECLARED_SELECTOR = YES;
				GCC_WARN_UNINITIALIZED_AUTOS = YES_AGGRESSIVE;
				GCC_WARN_UNUSED_FUNCTION = YES;
				GCC_WARN_UNUSED_VARIABLE = YES;
				IPHONEOS_DEPLOYMENT_TARGET = 11.2;
				MTL_ENABLE_DEBUG_INFO = YES;
				ONLY_ACTIVE_ARCH = YES;
				SDKROOT = iphoneos;
				SWIFT_ACTIVE_COMPILATION_CONDITIONS = DEBUG;
				SWIFT_OPTIMIZATION_LEVEL = "-Onone";
			};
			name = Debug;
		};
		3A313A0021607ECD000AB30A /* Release */ = {
			isa = XCBuildConfiguration;
			buildSettings = {
				ALWAYS_SEARCH_USER_PATHS = NO;
				CLANG_ANALYZER_NONNULL = YES;
				CLANG_ANALYZER_NUMBER_OBJECT_CONVERSION = YES_AGGRESSIVE;
				CLANG_CXX_LANGUAGE_STANDARD = "gnu++14";
				CLANG_CXX_LIBRARY = "libc++";
				CLANG_ENABLE_MODULES = YES;
				CLANG_ENABLE_OBJC_ARC = YES;
				CLANG_WARN_BLOCK_CAPTURE_AUTORELEASING = YES;
				CLANG_WARN_BOOL_CONVERSION = YES;
				CLANG_WARN_COMMA = YES;
				CLANG_WARN_CONSTANT_CONVERSION = YES;
				CLANG_WARN_DIRECT_OBJC_ISA_USAGE = YES_ERROR;
				CLANG_WARN_DOCUMENTATION_COMMENTS = YES;
				CLANG_WARN_EMPTY_BODY = YES;
				CLANG_WARN_ENUM_CONVERSION = YES;
				CLANG_WARN_INFINITE_RECURSION = YES;
				CLANG_WARN_INT_CONVERSION = YES;
				CLANG_WARN_NON_LITERAL_NULL_CONVERSION = YES;
				CLANG_WARN_OBJC_LITERAL_CONVERSION = YES;
				CLANG_WARN_OBJC_ROOT_CLASS = YES_ERROR;
				CLANG_WARN_RANGE_LOOP_ANALYSIS = YES;
				CLANG_WARN_STRICT_PROTOTYPES = YES;
				CLANG_WARN_SUSPICIOUS_MOVE = YES;
				CLANG_WARN_UNGUARDED_AVAILABILITY = YES_AGGRESSIVE;
				CLANG_WARN_UNREACHABLE_CODE = YES;
				CLANG_WARN__DUPLICATE_METHOD_MATCH = YES;
				CODE_SIGN_IDENTITY = "iPhone Developer";
				COPY_PHASE_STRIP = NO;
				DEBUG_INFORMATION_FORMAT = "dwarf-with-dsym";
				ENABLE_NS_ASSERTIONS = NO;
				ENABLE_STRICT_OBJC_MSGSEND = YES;
				GCC_C_LANGUAGE_STANDARD = gnu11;
				GCC_NO_COMMON_BLOCKS = YES;
				GCC_WARN_64_TO_32_BIT_CONVERSION = YES;
				GCC_WARN_ABOUT_RETURN_TYPE = YES_ERROR;
				GCC_WARN_UNDECLARED_SELECTOR = YES;
				GCC_WARN_UNINITIALIZED_AUTOS = YES_AGGRESSIVE;
				GCC_WARN_UNUSED_FUNCTION = YES;
				GCC_WARN_UNUSED_VARIABLE = YES;
				IPHONEOS_DEPLOYMENT_TARGET = 11.2;
				MTL_ENABLE_DEBUG_INFO = NO;
				SDKROOT = iphoneos;
				SWIFT_OPTIMIZATION_LEVEL = "-Owholemodule";
				VALIDATE_PRODUCT = YES;
			};
			name = Release;
		};
		3A313A0221607ECD000AB30A /* Debug */ = {
			isa = XCBuildConfiguration;
			buildSettings = {
				ASSETCATALOG_COMPILER_APPICON_NAME = AppIcon;
				CODE_SIGN_STYLE = Automatic;
				DEVELOPMENT_TEAM = 8A8LT6ZRCD;
				INFOPLIST_FILE = ErrorDescription/Info.plist;
				LD_RUNPATH_SEARCH_PATHS = "$(inherited) @executable_path/Frameworks";
				PRODUCT_BUNDLE_IDENTIFIER = com.hans.ErrorDescription;
				PRODUCT_NAME = "$(TARGET_NAME)";
				SWIFT_VERSION = 4.0;
				TARGETED_DEVICE_FAMILY = "1,2";
			};
			name = Debug;
		};
		3A313A0321607ECD000AB30A /* Release */ = {
			isa = XCBuildConfiguration;
			buildSettings = {
				ASSETCATALOG_COMPILER_APPICON_NAME = AppIcon;
				CODE_SIGN_STYLE = Automatic;
				DEVELOPMENT_TEAM = 8A8LT6ZRCD;
				INFOPLIST_FILE = ErrorDescription/Info.plist;
				LD_RUNPATH_SEARCH_PATHS = "$(inherited) @executable_path/Frameworks";
				PRODUCT_BUNDLE_IDENTIFIER = com.hans.ErrorDescription;
				PRODUCT_NAME = "$(TARGET_NAME)";
				SWIFT_VERSION = 4.0;
				TARGETED_DEVICE_FAMILY = "1,2";
			};
			name = Release;
		};
		3A313A0521607ECD000AB30A /* Debug */ = {
			isa = XCBuildConfiguration;
			buildSettings = {
				ALWAYS_EMBED_SWIFT_STANDARD_LIBRARIES = YES;
				BUNDLE_LOADER = "$(TEST_HOST)";
				CODE_SIGN_STYLE = Automatic;
				DEVELOPMENT_TEAM = 8A8LT6ZRCD;
				INFOPLIST_FILE = ErrorDescriptionTests/Info.plist;
				LD_RUNPATH_SEARCH_PATHS = "$(inherited) @executable_path/Frameworks @loader_path/Frameworks";
				PRODUCT_BUNDLE_IDENTIFIER = com.hans.ErrorDescriptionTests;
				PRODUCT_NAME = "$(TARGET_NAME)";
				SWIFT_VERSION = 4.0;
				TARGETED_DEVICE_FAMILY = "1,2";
				TEST_HOST = "$(BUILT_PRODUCTS_DIR)/ErrorDescription.app/ErrorDescription";
			};
			name = Debug;
		};
		3A313A0621607ECD000AB30A /* Release */ = {
			isa = XCBuildConfiguration;
			buildSettings = {
				ALWAYS_EMBED_SWIFT_STANDARD_LIBRARIES = YES;
				BUNDLE_LOADER = "$(TEST_HOST)";
				CODE_SIGN_STYLE = Automatic;
				DEVELOPMENT_TEAM = 8A8LT6ZRCD;
				INFOPLIST_FILE = ErrorDescriptionTests/Info.plist;
				LD_RUNPATH_SEARCH_PATHS = "$(inherited) @executable_path/Frameworks @loader_path/Frameworks";
				PRODUCT_BUNDLE_IDENTIFIER = com.hans.ErrorDescriptionTests;
				PRODUCT_NAME = "$(TARGET_NAME)";
				SWIFT_VERSION = 4.0;
				TARGETED_DEVICE_FAMILY = "1,2";
				TEST_HOST = "$(BUILT_PRODUCTS_DIR)/ErrorDescription.app/ErrorDescription";
			};
			name = Release;
		};
		3A313A0821607ECD000AB30A /* Debug */ = {
			isa = XCBuildConfiguration;
			buildSettings = {
				ALWAYS_EMBED_SWIFT_STANDARD_LIBRARIES = YES;
				CODE_SIGN_STYLE = Automatic;
				DEVELOPMENT_TEAM = 8A8LT6ZRCD;
				INFOPLIST_FILE = ErrorDescriptionUITests/Info.plist;
				LD_RUNPATH_SEARCH_PATHS = "$(inherited) @executable_path/Frameworks @loader_path/Frameworks";
				PRODUCT_BUNDLE_IDENTIFIER = com.hans.ErrorDescriptionUITests;
				PRODUCT_NAME = "$(TARGET_NAME)";
				SWIFT_VERSION = 4.0;
				TARGETED_DEVICE_FAMILY = "1,2";
				TEST_TARGET_NAME = ErrorDescription;
			};
			name = Debug;
		};
		3A313A0921607ECD000AB30A /* Release */ = {
			isa = XCBuildConfiguration;
			buildSettings = {
				ALWAYS_EMBED_SWIFT_STANDARD_LIBRARIES = YES;
				CODE_SIGN_STYLE = Automatic;
				DEVELOPMENT_TEAM = 8A8LT6ZRCD;
				INFOPLIST_FILE = ErrorDescriptionUITests/Info.plist;
				LD_RUNPATH_SEARCH_PATHS = "$(inherited) @executable_path/Frameworks @loader_path/Frameworks";
				PRODUCT_BUNDLE_IDENTIFIER = com.hans.ErrorDescriptionUITests;
				PRODUCT_NAME = "$(TARGET_NAME)";
				SWIFT_VERSION = 4.0;
				TARGETED_DEVICE_FAMILY = "1,2";
				TEST_TARGET_NAME = ErrorDescription;
			};
			name = Release;
		};
/* End XCBuildConfiguration section */

/* Begin XCConfigurationList section */
		3A3139D421607ECC000AB30A /* Build configuration list for PBXProject "ErrorDescription" */ = {
			isa = XCConfigurationList;
			buildConfigurations = (
				3A3139FF21607ECD000AB30A /* Debug */,
				3A313A0021607ECD000AB30A /* Release */,
			);
			defaultConfigurationIsVisible = 0;
			defaultConfigurationName = Release;
		};
		3A313A0121607ECD000AB30A /* Build configuration list for PBXNativeTarget "ErrorDescription" */ = {
			isa = XCConfigurationList;
			buildConfigurations = (
				3A313A0221607ECD000AB30A /* Debug */,
				3A313A0321607ECD000AB30A /* Release */,
			);
			defaultConfigurationIsVisible = 0;
			defaultConfigurationName = Release;
		};
		3A313A0421607ECD000AB30A /* Build configuration list for PBXNativeTarget "ErrorDescriptionTests" */ = {
			isa = XCConfigurationList;
			buildConfigurations = (
				3A313A0521607ECD000AB30A /* Debug */,
				3A313A0621607ECD000AB30A /* Release */,
			);
			defaultConfigurationIsVisible = 0;
			defaultConfigurationName = Release;
		};
		3A313A0721607ECD000AB30A /* Build configuration list for PBXNativeTarget "ErrorDescriptionUITests" */ = {
			isa = XCConfigurationList;
			buildConfigurations = (
				3A313A0821607ECD000AB30A /* Debug */,
				3A313A0921607ECD000AB30A /* Release */,
			);
			defaultConfigurationIsVisible = 0;
			defaultConfigurationName = Release;
		};
/* End XCConfigurationList section */
	};
	rootObject = 3A3139D121607ECC000AB30A /* Project object */;
}
